// !$*UTF8*$!
{
	archiveVersion = 1;
	classes = {
	};
	objectVersion = 48;
	objects = {

/* Begin PBXBuildFile section */
		0B8F278C0458957255117954 /* Pods_MealsMadeEasyUITests.framework in Frameworks */ = {isa = PBXBuildFile; fileRef = 568DE27882B407C503A28A5E /* Pods_MealsMadeEasyUITests.framework */; };
		17B285D8E88DA7F31DB6494B /* Pods_MealsMadeEasy.framework in Frameworks */ = {isa = PBXBuildFile; fileRef = 8B30E37765AB9749F2999909 /* Pods_MealsMadeEasy.framework */; };
		6D35945D3B680BA62ED8E0A9 /* Pods_MealsMadeEasyTests.framework in Frameworks */ = {isa = PBXBuildFile; fileRef = D39A2B94D87F735BDB5E5FD3 /* Pods_MealsMadeEasyTests.framework */; };
		E814323F2018D06D00206C17 /* GoogleService-Info.plist in Resources */ = {isa = PBXBuildFile; fileRef = E814323E2018D06D00206C17 /* GoogleService-Info.plist */; };
		E883FF04203490FB00523A01 /* icons8-home-filled-22.png in Resources */ = {isa = PBXBuildFile; fileRef = E883FF00203490FA00523A01 /* icons8-home-filled-22.png */; };
		E883FF05203490FB00523A01 /* icons8-shopping-cart-filled-22.png in Resources */ = {isa = PBXBuildFile; fileRef = E883FF01203490FA00523A01 /* icons8-shopping-cart-filled-22.png */; };
		E883FF06203490FB00523A01 /* icons8-summary-list-filled-22.png in Resources */ = {isa = PBXBuildFile; fileRef = E883FF02203490FA00523A01 /* icons8-summary-list-filled-22.png */; };
		E883FF07203490FB00523A01 /* icons8-settings-filled-22.png in Resources */ = {isa = PBXBuildFile; fileRef = E883FF03203490FB00523A01 /* icons8-settings-filled-22.png */; };
		E883FF09203493DC00523A01 /* TabBarViewController.swift in Sources */ = {isa = PBXBuildFile; fileRef = E883FF08203493DC00523A01 /* TabBarViewController.swift */; };
		E883FF0B203495B600523A01 /* TableViewController.swift in Sources */ = {isa = PBXBuildFile; fileRef = E883FF0A203495B600523A01 /* TableViewController.swift */; };
		E888164A202DF00E008E5681 /* UseronboardingController.swift in Sources */ = {isa = PBXBuildFile; fileRef = E8881649202DF00E008E5681 /* UseronboardingController.swift */; };
		E88EBF21201B70D90058459E /* HomeController.swift in Sources */ = {isa = PBXBuildFile; fileRef = E88EBF20201B70D90058459E /* HomeController.swift */; };
		E88EBF24201B7CAB0058459E /* ic_splash.png in Resources */ = {isa = PBXBuildFile; fileRef = E88EBF23201B7CAB0058459E /* ic_splash.png */; };
		E88EBF2E201B86C70058459E /* Icon-20x20@2x.png in Resources */ = {isa = PBXBuildFile; fileRef = E88EBF25201B86C60058459E /* Icon-20x20@2x.png */; };
		E88EBF2F201B86C70058459E /* Icon-29x29@2x.png in Resources */ = {isa = PBXBuildFile; fileRef = E88EBF26201B86C60058459E /* Icon-29x29@2x.png */; };
		E88EBF30201B86C70058459E /* Icon-40x40@2x.png in Resources */ = {isa = PBXBuildFile; fileRef = E88EBF27201B86C60058459E /* Icon-40x40@2x.png */; };
		E88EBF31201B86C70058459E /* Icon-60x60@3x.png in Resources */ = {isa = PBXBuildFile; fileRef = E88EBF28201B86C60058459E /* Icon-60x60@3x.png */; };
		E88EBF32201B86C70058459E /* Icon-29x29@1x.png in Resources */ = {isa = PBXBuildFile; fileRef = E88EBF29201B86C60058459E /* Icon-29x29@1x.png */; };
		E88EBF33201B86C70058459E /* Icon-20x20@3x.png in Resources */ = {isa = PBXBuildFile; fileRef = E88EBF2A201B86C60058459E /* Icon-20x20@3x.png */; };
		E88EBF34201B86C70058459E /* Icon-60x60@2x.png in Resources */ = {isa = PBXBuildFile; fileRef = E88EBF2B201B86C60058459E /* Icon-60x60@2x.png */; };
		E88EBF35201B86C70058459E /* Icon-marketing-1024x1024.png in Resources */ = {isa = PBXBuildFile; fileRef = E88EBF2C201B86C60058459E /* Icon-marketing-1024x1024.png */; };
		E88EBF36201B86C70058459E /* Icon-40x40@3x.png in Resources */ = {isa = PBXBuildFile; fileRef = E88EBF2D201B86C70058459E /* Icon-40x40@3x.png */; };
		E8A169CD20101450005E997C /* AppDelegate.swift in Sources */ = {isa = PBXBuildFile; fileRef = E8A169CC20101450005E997C /* AppDelegate.swift */; };
		E8A169CF20101450005E997C /* ViewController.swift in Sources */ = {isa = PBXBuildFile; fileRef = E8A169CE20101450005E997C /* ViewController.swift */; };
		E8A169D220101450005E997C /* Main.storyboard in Resources */ = {isa = PBXBuildFile; fileRef = E8A169D020101450005E997C /* Main.storyboard */; };
		E8A169D420101450005E997C /* Assets.xcassets in Resources */ = {isa = PBXBuildFile; fileRef = E8A169D320101450005E997C /* Assets.xcassets */; };
		E8A169D720101450005E997C /* LaunchScreen.storyboard in Resources */ = {isa = PBXBuildFile; fileRef = E8A169D520101450005E997C /* LaunchScreen.storyboard */; };
		E8A169E220101450005E997C /* MealsMadeEasyTests.swift in Sources */ = {isa = PBXBuildFile; fileRef = E8A169E120101450005E997C /* MealsMadeEasyTests.swift */; };
		E8A169ED20101450005E997C /* MealsMadeEasyUITests.swift in Sources */ = {isa = PBXBuildFile; fileRef = E8A169EC20101450005E997C /* MealsMadeEasyUITests.swift */; };
/* End PBXBuildFile section */

/* Begin PBXContainerItemProxy section */
		E8A169DE20101450005E997C /* PBXContainerItemProxy */ = {
			isa = PBXContainerItemProxy;
			containerPortal = E8A169C12010144F005E997C /* Project object */;
			proxyType = 1;
			remoteGlobalIDString = E8A169C820101450005E997C;
			remoteInfo = MealsMadeEasy;
		};
		E8A169E920101450005E997C /* PBXContainerItemProxy */ = {
			isa = PBXContainerItemProxy;
			containerPortal = E8A169C12010144F005E997C /* Project object */;
			proxyType = 1;
			remoteGlobalIDString = E8A169C820101450005E997C;
			remoteInfo = MealsMadeEasy;
		};
/* End PBXContainerItemProxy section */

/* Begin PBXFileReference section */
		568DE27882B407C503A28A5E /* Pods_MealsMadeEasyUITests.framework */ = {isa = PBXFileReference; explicitFileType = wrapper.framework; includeInIndex = 0; path = Pods_MealsMadeEasyUITests.framework; sourceTree = BUILT_PRODUCTS_DIR; };
		67F07B1B7C043F46EB4A716D /* Pods-MealsMadeEasyTests.release.xcconfig */ = {isa = PBXFileReference; includeInIndex = 1; lastKnownFileType = text.xcconfig; name = "Pods-MealsMadeEasyTests.release.xcconfig"; path = "Pods/Target Support Files/Pods-MealsMadeEasyTests/Pods-MealsMadeEasyTests.release.xcconfig"; sourceTree = "<group>"; };
		683F254932B2638BA5513F49 /* Pods-MealsMadeEasyTests.debug.xcconfig */ = {isa = PBXFileReference; includeInIndex = 1; lastKnownFileType = text.xcconfig; name = "Pods-MealsMadeEasyTests.debug.xcconfig"; path = "Pods/Target Support Files/Pods-MealsMadeEasyTests/Pods-MealsMadeEasyTests.debug.xcconfig"; sourceTree = "<group>"; };
		8B30E37765AB9749F2999909 /* Pods_MealsMadeEasy.framework */ = {isa = PBXFileReference; explicitFileType = wrapper.framework; includeInIndex = 0; path = Pods_MealsMadeEasy.framework; sourceTree = BUILT_PRODUCTS_DIR; };
		94418475FBB8D39703E928E1 /* Pods-MealsMadeEasy.release.xcconfig */ = {isa = PBXFileReference; includeInIndex = 1; lastKnownFileType = text.xcconfig; name = "Pods-MealsMadeEasy.release.xcconfig"; path = "Pods/Target Support Files/Pods-MealsMadeEasy/Pods-MealsMadeEasy.release.xcconfig"; sourceTree = "<group>"; };
		BED3F1B4FA4502726B4E04D8 /* Pods-MealsMadeEasyUITests.debug.xcconfig */ = {isa = PBXFileReference; includeInIndex = 1; lastKnownFileType = text.xcconfig; name = "Pods-MealsMadeEasyUITests.debug.xcconfig"; path = "Pods/Target Support Files/Pods-MealsMadeEasyUITests/Pods-MealsMadeEasyUITests.debug.xcconfig"; sourceTree = "<group>"; };
		CA9BE1518AF9762096582948 /* Pods-MealsMadeEasy.debug.xcconfig */ = {isa = PBXFileReference; includeInIndex = 1; lastKnownFileType = text.xcconfig; name = "Pods-MealsMadeEasy.debug.xcconfig"; path = "Pods/Target Support Files/Pods-MealsMadeEasy/Pods-MealsMadeEasy.debug.xcconfig"; sourceTree = "<group>"; };
		D39A2B94D87F735BDB5E5FD3 /* Pods_MealsMadeEasyTests.framework */ = {isa = PBXFileReference; explicitFileType = wrapper.framework; includeInIndex = 0; path = Pods_MealsMadeEasyTests.framework; sourceTree = BUILT_PRODUCTS_DIR; };
		E814323E2018D06D00206C17 /* GoogleService-Info.plist */ = {isa = PBXFileReference; fileEncoding = 4; lastKnownFileType = text.plist.xml; path = "GoogleService-Info.plist"; sourceTree = "<group>"; };
		E81432402018D07E00206C17 /* MealsMadeEasy.entitlements */ = {isa = PBXFileReference; lastKnownFileType = text.plist.entitlements; path = MealsMadeEasy.entitlements; sourceTree = "<group>"; };
		E883FF00203490FA00523A01 /* icons8-home-filled-22.png */ = {isa = PBXFileReference; lastKnownFileType = image.png; path = "icons8-home-filled-22.png"; sourceTree = "<group>"; };
		E883FF01203490FA00523A01 /* icons8-shopping-cart-filled-22.png */ = {isa = PBXFileReference; lastKnownFileType = image.png; path = "icons8-shopping-cart-filled-22.png"; sourceTree = "<group>"; };
		E883FF02203490FA00523A01 /* icons8-summary-list-filled-22.png */ = {isa = PBXFileReference; lastKnownFileType = image.png; path = "icons8-summary-list-filled-22.png"; sourceTree = "<group>"; };
		E883FF03203490FB00523A01 /* icons8-settings-filled-22.png */ = {isa = PBXFileReference; lastKnownFileType = image.png; path = "icons8-settings-filled-22.png"; sourceTree = "<group>"; };
		E883FF08203493DC00523A01 /* TabBarViewController.swift */ = {isa = PBXFileReference; lastKnownFileType = sourcecode.swift; path = TabBarViewController.swift; sourceTree = "<group>"; };
		E883FF0A203495B600523A01 /* TableViewController.swift */ = {isa = PBXFileReference; lastKnownFileType = sourcecode.swift; path = TableViewController.swift; sourceTree = "<group>"; };
		E8881649202DF00E008E5681 /* UseronboardingController.swift */ = {isa = PBXFileReference; lastKnownFileType = sourcecode.swift; path = UseronboardingController.swift; sourceTree = "<group>"; };
		E88EBF20201B70D90058459E /* HomeController.swift */ = {isa = PBXFileReference; lastKnownFileType = sourcecode.swift; path = HomeController.swift; sourceTree = "<group>"; };
		E88EBF23201B7CAB0058459E /* ic_splash.png */ = {isa = PBXFileReference; lastKnownFileType = image.png; path = ic_splash.png; sourceTree = "<group>"; };
		E88EBF25201B86C60058459E /* Icon-20x20@2x.png */ = {isa = PBXFileReference; lastKnownFileType = image.png; path = "Icon-20x20@2x.png"; sourceTree = "<group>"; };
		E88EBF26201B86C60058459E /* Icon-29x29@2x.png */ = {isa = PBXFileReference; lastKnownFileType = image.png; path = "Icon-29x29@2x.png"; sourceTree = "<group>"; };
		E88EBF27201B86C60058459E /* Icon-40x40@2x.png */ = {isa = PBXFileReference; lastKnownFileType = image.png; path = "Icon-40x40@2x.png"; sourceTree = "<group>"; };
		E88EBF28201B86C60058459E /* Icon-60x60@3x.png */ = {isa = PBXFileReference; lastKnownFileType = image.png; path = "Icon-60x60@3x.png"; sourceTree = "<group>"; };
		E88EBF29201B86C60058459E /* Icon-29x29@1x.png */ = {isa = PBXFileReference; lastKnownFileType = image.png; path = "Icon-29x29@1x.png"; sourceTree = "<group>"; };
		E88EBF2A201B86C60058459E /* Icon-20x20@3x.png */ = {isa = PBXFileReference; lastKnownFileType = image.png; path = "Icon-20x20@3x.png"; sourceTree = "<group>"; };
		E88EBF2B201B86C60058459E /* Icon-60x60@2x.png */ = {isa = PBXFileReference; lastKnownFileType = image.png; path = "Icon-60x60@2x.png"; sourceTree = "<group>"; };
		E88EBF2C201B86C60058459E /* Icon-marketing-1024x1024.png */ = {isa = PBXFileReference; lastKnownFileType = image.png; path = "Icon-marketing-1024x1024.png"; sourceTree = "<group>"; };
		E88EBF2D201B86C70058459E /* Icon-40x40@3x.png */ = {isa = PBXFileReference; lastKnownFileType = image.png; path = "Icon-40x40@3x.png"; sourceTree = "<group>"; };
		E8A169C920101450005E997C /* MealsMadeEasy.app */ = {isa = PBXFileReference; explicitFileType = wrapper.application; includeInIndex = 0; name = MealsMadeEasy.app; path = "Meals Made Easy.app"; sourceTree = BUILT_PRODUCTS_DIR; };
		E8A169CC20101450005E997C /* AppDelegate.swift */ = {isa = PBXFileReference; lastKnownFileType = sourcecode.swift; path = AppDelegate.swift; sourceTree = "<group>"; };
		E8A169CE20101450005E997C /* ViewController.swift */ = {isa = PBXFileReference; lastKnownFileType = sourcecode.swift; path = ViewController.swift; sourceTree = "<group>"; };
		E8A169D120101450005E997C /* Base */ = {isa = PBXFileReference; lastKnownFileType = file.storyboard; name = Base; path = Base.lproj/Main.storyboard; sourceTree = "<group>"; };
		E8A169D320101450005E997C /* Assets.xcassets */ = {isa = PBXFileReference; lastKnownFileType = folder.assetcatalog; path = Assets.xcassets; sourceTree = "<group>"; };
		E8A169D620101450005E997C /* Base */ = {isa = PBXFileReference; lastKnownFileType = file.storyboard; name = Base; path = Base.lproj/LaunchScreen.storyboard; sourceTree = "<group>"; };
		E8A169D820101450005E997C /* Info.plist */ = {isa = PBXFileReference; lastKnownFileType = text.plist.xml; path = Info.plist; sourceTree = "<group>"; };
		E8A169DD20101450005E997C /* MealsMadeEasyTests.xctest */ = {isa = PBXFileReference; explicitFileType = wrapper.cfbundle; includeInIndex = 0; path = MealsMadeEasyTests.xctest; sourceTree = BUILT_PRODUCTS_DIR; };
		E8A169E120101450005E997C /* MealsMadeEasyTests.swift */ = {isa = PBXFileReference; lastKnownFileType = sourcecode.swift; path = MealsMadeEasyTests.swift; sourceTree = "<group>"; };
		E8A169E320101450005E997C /* Info.plist */ = {isa = PBXFileReference; lastKnownFileType = text.plist.xml; path = Info.plist; sourceTree = "<group>"; };
		E8A169E820101450005E997C /* MealsMadeEasyUITests.xctest */ = {isa = PBXFileReference; explicitFileType = wrapper.cfbundle; includeInIndex = 0; path = MealsMadeEasyUITests.xctest; sourceTree = BUILT_PRODUCTS_DIR; };
		E8A169EC20101450005E997C /* MealsMadeEasyUITests.swift */ = {isa = PBXFileReference; lastKnownFileType = sourcecode.swift; path = MealsMadeEasyUITests.swift; sourceTree = "<group>"; };
		E8A169EE20101450005E997C /* Info.plist */ = {isa = PBXFileReference; lastKnownFileType = text.plist.xml; path = Info.plist; sourceTree = "<group>"; };
		F0CAEE9BA2502B1DF3EB23DC /* Pods-MealsMadeEasyUITests.release.xcconfig */ = {isa = PBXFileReference; includeInIndex = 1; lastKnownFileType = text.xcconfig; name = "Pods-MealsMadeEasyUITests.release.xcconfig"; path = "Pods/Target Support Files/Pods-MealsMadeEasyUITests/Pods-MealsMadeEasyUITests.release.xcconfig"; sourceTree = "<group>"; };
/* End PBXFileReference section */

/* Begin PBXFrameworksBuildPhase section */
		E8A169C620101450005E997C /* Frameworks */ = {
			isa = PBXFrameworksBuildPhase;
			buildActionMask = 2147483647;
			files = (
				17B285D8E88DA7F31DB6494B /* Pods_MealsMadeEasy.framework in Frameworks */,
			);
			runOnlyForDeploymentPostprocessing = 0;
		};
		E8A169DA20101450005E997C /* Frameworks */ = {
			isa = PBXFrameworksBuildPhase;
			buildActionMask = 2147483647;
			files = (
				6D35945D3B680BA62ED8E0A9 /* Pods_MealsMadeEasyTests.framework in Frameworks */,
			);
			runOnlyForDeploymentPostprocessing = 0;
		};
		E8A169E520101450005E997C /* Frameworks */ = {
			isa = PBXFrameworksBuildPhase;
			buildActionMask = 2147483647;
			files = (
				0B8F278C0458957255117954 /* Pods_MealsMadeEasyUITests.framework in Frameworks */,
			);
			runOnlyForDeploymentPostprocessing = 0;
		};
/* End PBXFrameworksBuildPhase section */

/* Begin PBXGroup section */
		54CE1AD1EC046C1A6ED6A279 /* Frameworks */ = {
			isa = PBXGroup;
			children = (
				8B30E37765AB9749F2999909 /* Pods_MealsMadeEasy.framework */,
				D39A2B94D87F735BDB5E5FD3 /* Pods_MealsMadeEasyTests.framework */,
				568DE27882B407C503A28A5E /* Pods_MealsMadeEasyUITests.framework */,
			);
			name = Frameworks;
			sourceTree = "<group>";
		};
		9B38D989CAD10566FCEAF04C /* Pods */ = {
			isa = PBXGroup;
			children = (
				CA9BE1518AF9762096582948 /* Pods-MealsMadeEasy.debug.xcconfig */,
				94418475FBB8D39703E928E1 /* Pods-MealsMadeEasy.release.xcconfig */,
				683F254932B2638BA5513F49 /* Pods-MealsMadeEasyTests.debug.xcconfig */,
				67F07B1B7C043F46EB4A716D /* Pods-MealsMadeEasyTests.release.xcconfig */,
				BED3F1B4FA4502726B4E04D8 /* Pods-MealsMadeEasyUITests.debug.xcconfig */,
				F0CAEE9BA2502B1DF3EB23DC /* Pods-MealsMadeEasyUITests.release.xcconfig */,
			);
			name = Pods;
			sourceTree = "<group>";
		};
		E88EBF1E201B702C0058459E /* Controllers */ = {
			isa = PBXGroup;
			children = (
				E88EBF20201B70D90058459E /* HomeController.swift */,
				E8881649202DF00E008E5681 /* UseronboardingController.swift */,
				E883FF08203493DC00523A01 /* TabBarViewController.swift */,
				E883FF0A203495B600523A01 /* TableViewController.swift */,
			);
			path = Controllers;
			sourceTree = "<group>";
		};
		E88EBF22201B7C970058459E /* assets */ = {
			isa = PBXGroup;
			children = (
				E883FF00203490FA00523A01 /* icons8-home-filled-22.png */,
				E883FF03203490FB00523A01 /* icons8-settings-filled-22.png */,
				E883FF01203490FA00523A01 /* icons8-shopping-cart-filled-22.png */,
				E883FF02203490FA00523A01 /* icons8-summary-list-filled-22.png */,
				E88EBF25201B86C60058459E /* Icon-20x20@2x.png */,
				E88EBF2A201B86C60058459E /* Icon-20x20@3x.png */,
				E88EBF29201B86C60058459E /* Icon-29x29@1x.png */,
				E88EBF26201B86C60058459E /* Icon-29x29@2x.png */,
				E88EBF27201B86C60058459E /* Icon-40x40@2x.png */,
				E88EBF2D201B86C70058459E /* Icon-40x40@3x.png */,
				E88EBF2B201B86C60058459E /* Icon-60x60@2x.png */,
				E88EBF28201B86C60058459E /* Icon-60x60@3x.png */,
				E88EBF2C201B86C60058459E /* Icon-marketing-1024x1024.png */,
				E88EBF23201B7CAB0058459E /* ic_splash.png */,
			);
			path = assets;
			sourceTree = "<group>";
		};
		E8A169C02010144F005E997C = {
			isa = PBXGroup;
			children = (
				E8A169CB20101450005E997C /* MealsMadeEasy */,
				E8A169E020101450005E997C /* MealsMadeEasyTests */,
				E8A169EB20101450005E997C /* MealsMadeEasyUITests */,
				E8A169CA20101450005E997C /* Products */,
				9B38D989CAD10566FCEAF04C /* Pods */,
				54CE1AD1EC046C1A6ED6A279 /* Frameworks */,
			);
			sourceTree = "<group>";
		};
		E8A169CA20101450005E997C /* Products */ = {
			isa = PBXGroup;
			children = (
				E8A169C920101450005E997C /* MealsMadeEasy.app */,
				E8A169DD20101450005E997C /* MealsMadeEasyTests.xctest */,
				E8A169E820101450005E997C /* MealsMadeEasyUITests.xctest */,
			);
			name = Products;
			sourceTree = "<group>";
		};
		E8A169CB20101450005E997C /* MealsMadeEasy */ = {
			isa = PBXGroup;
			children = (
				E88EBF22201B7C970058459E /* assets */,
				E88EBF1E201B702C0058459E /* Controllers */,
				E81432402018D07E00206C17 /* MealsMadeEasy.entitlements */,
				E8A169CC20101450005E997C /* AppDelegate.swift */,
				E814323E2018D06D00206C17 /* GoogleService-Info.plist */,
				E8A169D320101450005E997C /* Assets.xcassets */,
				E8A169D520101450005E997C /* LaunchScreen.storyboard */,
				E8A169D820101450005E997C /* Info.plist */,
				E8A169CE20101450005E997C /* ViewController.swift */,
				E8A169D020101450005E997C /* Main.storyboard */,
			);
			path = MealsMadeEasy;
			sourceTree = "<group>";
		};
		E8A169E020101450005E997C /* MealsMadeEasyTests */ = {
			isa = PBXGroup;
			children = (
				E8A169E120101450005E997C /* MealsMadeEasyTests.swift */,
				E8A169E320101450005E997C /* Info.plist */,
			);
			path = MealsMadeEasyTests;
			sourceTree = "<group>";
		};
		E8A169EB20101450005E997C /* MealsMadeEasyUITests */ = {
			isa = PBXGroup;
			children = (
				E8A169EC20101450005E997C /* MealsMadeEasyUITests.swift */,
				E8A169EE20101450005E997C /* Info.plist */,
			);
			path = MealsMadeEasyUITests;
			sourceTree = "<group>";
		};
/* End PBXGroup section */

/* Begin PBXNativeTarget section */
		E8A169C820101450005E997C /* MealsMadeEasy */ = {
			isa = PBXNativeTarget;
			buildConfigurationList = E8A169F120101450005E997C /* Build configuration list for PBXNativeTarget "MealsMadeEasy" */;
			buildPhases = (
				B6AA4507BB07420CFE433FD5 /* [CP] Check Pods Manifest.lock */,
				E8A169C520101450005E997C /* Sources */,
				E8A169C620101450005E997C /* Frameworks */,
				E8A169C720101450005E997C /* Resources */,
				6E2B86B0B7A032E7F0816A56 /* [CP] Embed Pods Frameworks */,
				936F9575D3396EEF37AA6756 /* [CP] Copy Pods Resources */,
			);
			buildRules = (
			);
			dependencies = (
			);
			name = MealsMadeEasy;
			productName = MealsMadeEasy;
			productReference = E8A169C920101450005E997C /* MealsMadeEasy.app */;
			productType = "com.apple.product-type.application";
		};
		E8A169DC20101450005E997C /* MealsMadeEasyTests */ = {
			isa = PBXNativeTarget;
			buildConfigurationList = E8A169F420101450005E997C /* Build configuration list for PBXNativeTarget "MealsMadeEasyTests" */;
			buildPhases = (
				74E5849F8A1BD4FF8E04AF8B /* [CP] Check Pods Manifest.lock */,
				E8A169D920101450005E997C /* Sources */,
				E8A169DA20101450005E997C /* Frameworks */,
				E8A169DB20101450005E997C /* Resources */,
				A7F656D47C0454126A9C914D /* [CP] Embed Pods Frameworks */,
				477642106370C6784001E319 /* [CP] Copy Pods Resources */,
			);
			buildRules = (
			);
			dependencies = (
				E8A169DF20101450005E997C /* PBXTargetDependency */,
			);
			name = MealsMadeEasyTests;
			productName = MealsMadeEasyTests;
			productReference = E8A169DD20101450005E997C /* MealsMadeEasyTests.xctest */;
			productType = "com.apple.product-type.bundle.unit-test";
		};
		E8A169E720101450005E997C /* MealsMadeEasyUITests */ = {
			isa = PBXNativeTarget;
			buildConfigurationList = E8A169F720101450005E997C /* Build configuration list for PBXNativeTarget "MealsMadeEasyUITests" */;
			buildPhases = (
				42D08251042CA5E10F679A5A /* [CP] Check Pods Manifest.lock */,
				E8A169E420101450005E997C /* Sources */,
				E8A169E520101450005E997C /* Frameworks */,
				E8A169E620101450005E997C /* Resources */,
				A7E32EBEAE83041FC0C0C17F /* [CP] Embed Pods Frameworks */,
				81D1E9C1CD513FBD878D633F /* [CP] Copy Pods Resources */,
			);
			buildRules = (
			);
			dependencies = (
				E8A169EA20101450005E997C /* PBXTargetDependency */,
			);
			name = MealsMadeEasyUITests;
			productName = MealsMadeEasyUITests;
			productReference = E8A169E820101450005E997C /* MealsMadeEasyUITests.xctest */;
			productType = "com.apple.product-type.bundle.ui-testing";
		};
/* End PBXNativeTarget section */

/* Begin PBXProject section */
		E8A169C12010144F005E997C /* Project object */ = {
			isa = PBXProject;
			attributes = {
				LastSwiftUpdateCheck = 0920;
				LastUpgradeCheck = 0920;
				ORGANIZATIONNAME = "Tai Tran";
				TargetAttributes = {
					E8A169C820101450005E997C = {
						CreatedOnToolsVersion = 9.2;
						ProvisioningStyle = Automatic;
						SystemCapabilities = {
							com.apple.Keychain = {
								enabled = 1;
							};
						};
					};
					E8A169DC20101450005E997C = {
						CreatedOnToolsVersion = 9.2;
						ProvisioningStyle = Automatic;
						TestTargetID = E8A169C820101450005E997C;
					};
					E8A169E720101450005E997C = {
						CreatedOnToolsVersion = 9.2;
						ProvisioningStyle = Automatic;
						TestTargetID = E8A169C820101450005E997C;
					};
				};
			};
			buildConfigurationList = E8A169C42010144F005E997C /* Build configuration list for PBXProject "MealsMadeEasy" */;
			compatibilityVersion = "Xcode 8.0";
			developmentRegion = en;
			hasScannedForEncodings = 0;
			knownRegions = (
				en,
				Base,
			);
			mainGroup = E8A169C02010144F005E997C;
			productRefGroup = E8A169CA20101450005E997C /* Products */;
			projectDirPath = "";
			projectRoot = "";
			targets = (
				E8A169C820101450005E997C /* MealsMadeEasy */,
				E8A169DC20101450005E997C /* MealsMadeEasyTests */,
				E8A169E720101450005E997C /* MealsMadeEasyUITests */,
			);
		};
/* End PBXProject section */

/* Begin PBXResourcesBuildPhase section */
		E8A169C720101450005E997C /* Resources */ = {
			isa = PBXResourcesBuildPhase;
			buildActionMask = 2147483647;
			files = (
				E88EBF2F201B86C70058459E /* Icon-29x29@2x.png in Resources */,
				E88EBF33201B86C70058459E /* Icon-20x20@3x.png in Resources */,
				E883FF07203490FB00523A01 /* icons8-settings-filled-22.png in Resources */,
				E88EBF2E201B86C70058459E /* Icon-20x20@2x.png in Resources */,
				E88EBF36201B86C70058459E /* Icon-40x40@3x.png in Resources */,
				E8A169D720101450005E997C /* LaunchScreen.storyboard in Resources */,
				E814323F2018D06D00206C17 /* GoogleService-Info.plist in Resources */,
				E88EBF30201B86C70058459E /* Icon-40x40@2x.png in Resources */,
				E8A169D420101450005E997C /* Assets.xcassets in Resources */,
				E8A169D220101450005E997C /* Main.storyboard in Resources */,
				E88EBF34201B86C70058459E /* Icon-60x60@2x.png in Resources */,
				E88EBF35201B86C70058459E /* Icon-marketing-1024x1024.png in Resources */,
				E88EBF24201B7CAB0058459E /* ic_splash.png in Resources */,
				E88EBF31201B86C70058459E /* Icon-60x60@3x.png in Resources */,
				E883FF04203490FB00523A01 /* icons8-home-filled-22.png in Resources */,
				E88EBF32201B86C70058459E /* Icon-29x29@1x.png in Resources */,
				E883FF05203490FB00523A01 /* icons8-shopping-cart-filled-22.png in Resources */,
				E883FF06203490FB00523A01 /* icons8-summary-list-filled-22.png in Resources */,
			);
			runOnlyForDeploymentPostprocessing = 0;
		};
		E8A169DB20101450005E997C /* Resources */ = {
			isa = PBXResourcesBuildPhase;
			buildActionMask = 2147483647;
			files = (
			);
			runOnlyForDeploymentPostprocessing = 0;
		};
		E8A169E620101450005E997C /* Resources */ = {
			isa = PBXResourcesBuildPhase;
			buildActionMask = 2147483647;
			files = (
			);
			runOnlyForDeploymentPostprocessing = 0;
		};
/* End PBXResourcesBuildPhase section */

/* Begin PBXShellScriptBuildPhase section */
		42D08251042CA5E10F679A5A /* [CP] Check Pods Manifest.lock */ = {
			isa = PBXShellScriptBuildPhase;
			buildActionMask = 2147483647;
			files = (
			);
			inputPaths = (
				"${PODS_PODFILE_DIR_PATH}/Podfile.lock",
				"${PODS_ROOT}/Manifest.lock",
			);
			name = "[CP] Check Pods Manifest.lock";
			outputPaths = (
				"$(DERIVED_FILE_DIR)/Pods-MealsMadeEasyUITests-checkManifestLockResult.txt",
			);
			runOnlyForDeploymentPostprocessing = 0;
			shellPath = /bin/sh;
			shellScript = "diff \"${PODS_PODFILE_DIR_PATH}/Podfile.lock\" \"${PODS_ROOT}/Manifest.lock\" > /dev/null\nif [ $? != 0 ] ; then\n    # print error to STDERR\n    echo \"error: The sandbox is not in sync with the Podfile.lock. Run 'pod install' or update your CocoaPods installation.\" >&2\n    exit 1\nfi\n# This output is used by Xcode 'outputs' to avoid re-running this script phase.\necho \"SUCCESS\" > \"${SCRIPT_OUTPUT_FILE_0}\"\n";
			showEnvVarsInLog = 0;
		};
		477642106370C6784001E319 /* [CP] Copy Pods Resources */ = {
			isa = PBXShellScriptBuildPhase;
			buildActionMask = 2147483647;
			files = (
			);
			inputPaths = (
			);
			name = "[CP] Copy Pods Resources";
			outputPaths = (
			);
			runOnlyForDeploymentPostprocessing = 0;
			shellPath = /bin/sh;
			shellScript = "\"${SRCROOT}/Pods/Target Support Files/Pods-MealsMadeEasyTests/Pods-MealsMadeEasyTests-resources.sh\"\n";
			showEnvVarsInLog = 0;
		};
		6E2B86B0B7A032E7F0816A56 /* [CP] Embed Pods Frameworks */ = {
			isa = PBXShellScriptBuildPhase;
			buildActionMask = 2147483647;
			files = (
			);
			inputPaths = (
				"${SRCROOT}/Pods/Target Support Files/Pods-MealsMadeEasy/Pods-MealsMadeEasy-frameworks.sh",
				"${BUILT_PRODUCTS_DIR}/GTMOAuth2/GTMOAuth2.framework",
				"${BUILT_PRODUCTS_DIR}/GTMSessionFetcher/GTMSessionFetcher.framework",
				"${BUILT_PRODUCTS_DIR}/GoogleToolboxForMac/GoogleToolboxForMac.framework",
				"${BUILT_PRODUCTS_DIR}/Material/Material.framework",
				"${BUILT_PRODUCTS_DIR}/Motion/Motion.framework",
				"${BUILT_PRODUCTS_DIR}/nanopb/nanopb.framework",
			);
			name = "[CP] Embed Pods Frameworks";
			outputPaths = (
				"${TARGET_BUILD_DIR}/${FRAMEWORKS_FOLDER_PATH}/GTMOAuth2.framework",
				"${TARGET_BUILD_DIR}/${FRAMEWORKS_FOLDER_PATH}/GTMSessionFetcher.framework",
				"${TARGET_BUILD_DIR}/${FRAMEWORKS_FOLDER_PATH}/GoogleToolboxForMac.framework",
				"${TARGET_BUILD_DIR}/${FRAMEWORKS_FOLDER_PATH}/Material.framework",
				"${TARGET_BUILD_DIR}/${FRAMEWORKS_FOLDER_PATH}/Motion.framework",
				"${TARGET_BUILD_DIR}/${FRAMEWORKS_FOLDER_PATH}/nanopb.framework",
			);
			runOnlyForDeploymentPostprocessing = 0;
			shellPath = /bin/sh;
			shellScript = "\"${SRCROOT}/Pods/Target Support Files/Pods-MealsMadeEasy/Pods-MealsMadeEasy-frameworks.sh\"\n";
			showEnvVarsInLog = 0;
		};
		74E5849F8A1BD4FF8E04AF8B /* [CP] Check Pods Manifest.lock */ = {
			isa = PBXShellScriptBuildPhase;
			buildActionMask = 2147483647;
			files = (
			);
			inputPaths = (
				"${PODS_PODFILE_DIR_PATH}/Podfile.lock",
				"${PODS_ROOT}/Manifest.lock",
			);
			name = "[CP] Check Pods Manifest.lock";
			outputPaths = (
				"$(DERIVED_FILE_DIR)/Pods-MealsMadeEasyTests-checkManifestLockResult.txt",
			);
			runOnlyForDeploymentPostprocessing = 0;
			shellPath = /bin/sh;
			shellScript = "diff \"${PODS_PODFILE_DIR_PATH}/Podfile.lock\" \"${PODS_ROOT}/Manifest.lock\" > /dev/null\nif [ $? != 0 ] ; then\n    # print error to STDERR\n    echo \"error: The sandbox is not in sync with the Podfile.lock. Run 'pod install' or update your CocoaPods installation.\" >&2\n    exit 1\nfi\n# This output is used by Xcode 'outputs' to avoid re-running this script phase.\necho \"SUCCESS\" > \"${SCRIPT_OUTPUT_FILE_0}\"\n";
			showEnvVarsInLog = 0;
		};
		81D1E9C1CD513FBD878D633F /* [CP] Copy Pods Resources */ = {
			isa = PBXShellScriptBuildPhase;
			buildActionMask = 2147483647;
			files = (
			);
			inputPaths = (
			);
			name = "[CP] Copy Pods Resources";
			outputPaths = (
			);
			runOnlyForDeploymentPostprocessing = 0;
			shellPath = /bin/sh;
			shellScript = "\"${SRCROOT}/Pods/Target Support Files/Pods-MealsMadeEasyUITests/Pods-MealsMadeEasyUITests-resources.sh\"\n";
			showEnvVarsInLog = 0;
		};
		936F9575D3396EEF37AA6756 /* [CP] Copy Pods Resources */ = {
			isa = PBXShellScriptBuildPhase;
			buildActionMask = 2147483647;
			files = (
			);
			inputPaths = (
				"${SRCROOT}/Pods/Target Support Files/Pods-MealsMadeEasy/Pods-MealsMadeEasy-resources.sh",
				"${PODS_ROOT}/GoogleSignIn/Resources/GoogleSignIn.bundle",
			);
			name = "[CP] Copy Pods Resources";
			outputPaths = (
				"${TARGET_BUILD_DIR}/${UNLOCALIZED_RESOURCES_FOLDER_PATH}",
			);
			runOnlyForDeploymentPostprocessing = 0;
			shellPath = /bin/sh;
			shellScript = "\"${SRCROOT}/Pods/Target Support Files/Pods-MealsMadeEasy/Pods-MealsMadeEasy-resources.sh\"\n";
			showEnvVarsInLog = 0;
		};
		A7E32EBEAE83041FC0C0C17F /* [CP] Embed Pods Frameworks */ = {
			isa = PBXShellScriptBuildPhase;
			buildActionMask = 2147483647;
			files = (
			);
			inputPaths = (
			);
			name = "[CP] Embed Pods Frameworks";
			outputPaths = (
			);
			runOnlyForDeploymentPostprocessing = 0;
			shellPath = /bin/sh;
			shellScript = "\"${SRCROOT}/Pods/Target Support Files/Pods-MealsMadeEasyUITests/Pods-MealsMadeEasyUITests-frameworks.sh\"\n";
			showEnvVarsInLog = 0;
		};
		A7F656D47C0454126A9C914D /* [CP] Embed Pods Frameworks */ = {
			isa = PBXShellScriptBuildPhase;
			buildActionMask = 2147483647;
			files = (
			);
			inputPaths = (
			);
			name = "[CP] Embed Pods Frameworks";
			outputPaths = (
			);
			runOnlyForDeploymentPostprocessing = 0;
			shellPath = /bin/sh;
			shellScript = "\"${SRCROOT}/Pods/Target Support Files/Pods-MealsMadeEasyTests/Pods-MealsMadeEasyTests-frameworks.sh\"\n";
			showEnvVarsInLog = 0;
		};
		B6AA4507BB07420CFE433FD5 /* [CP] Check Pods Manifest.lock */ = {
			isa = PBXShellScriptBuildPhase;
			buildActionMask = 2147483647;
			files = (
			);
			inputPaths = (
				"${PODS_PODFILE_DIR_PATH}/Podfile.lock",
				"${PODS_ROOT}/Manifest.lock",
			);
			name = "[CP] Check Pods Manifest.lock";
			outputPaths = (
				"$(DERIVED_FILE_DIR)/Pods-MealsMadeEasy-checkManifestLockResult.txt",
			);
			runOnlyForDeploymentPostprocessing = 0;
			shellPath = /bin/sh;
			shellScript = "diff \"${PODS_PODFILE_DIR_PATH}/Podfile.lock\" \"${PODS_ROOT}/Manifest.lock\" > /dev/null\nif [ $? != 0 ] ; then\n    # print error to STDERR\n    echo \"error: The sandbox is not in sync with the Podfile.lock. Run 'pod install' or update your CocoaPods installation.\" >&2\n    exit 1\nfi\n# This output is used by Xcode 'outputs' to avoid re-running this script phase.\necho \"SUCCESS\" > \"${SCRIPT_OUTPUT_FILE_0}\"\n";
			showEnvVarsInLog = 0;
		};
/* End PBXShellScriptBuildPhase section */

/* Begin PBXSourcesBuildPhase section */
		E8A169C520101450005E997C /* Sources */ = {
			isa = PBXSourcesBuildPhase;
			buildActionMask = 2147483647;
			files = (
				E888164A202DF00E008E5681 /* UseronboardingController.swift in Sources */,
				E883FF0B203495B600523A01 /* TableViewController.swift in Sources */,
				E8A169CF20101450005E997C /* ViewController.swift in Sources */,
				E8A169CD20101450005E997C /* AppDelegate.swift in Sources */,
				E883FF09203493DC00523A01 /* TabBarViewController.swift in Sources */,
				E88EBF21201B70D90058459E /* HomeController.swift in Sources */,
			);
			runOnlyForDeploymentPostprocessing = 0;
		};
		E8A169D920101450005E997C /* Sources */ = {
			isa = PBXSourcesBuildPhase;
			buildActionMask = 2147483647;
			files = (
				E8A169E220101450005E997C /* MealsMadeEasyTests.swift in Sources */,
			);
			runOnlyForDeploymentPostprocessing = 0;
		};
		E8A169E420101450005E997C /* Sources */ = {
			isa = PBXSourcesBuildPhase;
			buildActionMask = 2147483647;
			files = (
				E8A169ED20101450005E997C /* MealsMadeEasyUITests.swift in Sources */,
			);
			runOnlyForDeploymentPostprocessing = 0;
		};
/* End PBXSourcesBuildPhase section */

/* Begin PBXTargetDependency section */
		E8A169DF20101450005E997C /* PBXTargetDependency */ = {
			isa = PBXTargetDependency;
			target = E8A169C820101450005E997C /* MealsMadeEasy */;
			targetProxy = E8A169DE20101450005E997C /* PBXContainerItemProxy */;
		};
		E8A169EA20101450005E997C /* PBXTargetDependency */ = {
			isa = PBXTargetDependency;
			target = E8A169C820101450005E997C /* MealsMadeEasy */;
			targetProxy = E8A169E920101450005E997C /* PBXContainerItemProxy */;
		};
/* End PBXTargetDependency section */

/* Begin PBXVariantGroup section */
		E8A169D020101450005E997C /* Main.storyboard */ = {
			isa = PBXVariantGroup;
			children = (
				E8A169D120101450005E997C /* Base */,
			);
			name = Main.storyboard;
			sourceTree = "<group>";
		};
		E8A169D520101450005E997C /* LaunchScreen.storyboard */ = {
			isa = PBXVariantGroup;
			children = (
				E8A169D620101450005E997C /* Base */,
			);
			name = LaunchScreen.storyboard;
			sourceTree = "<group>";
		};
/* End PBXVariantGroup section */

/* Begin XCBuildConfiguration section */
		E8A169EF20101450005E997C /* Debug */ = {
			isa = XCBuildConfiguration;
			buildSettings = {
				ALWAYS_SEARCH_USER_PATHS = NO;
				CLANG_ANALYZER_NONNULL = YES;
				CLANG_ANALYZER_NUMBER_OBJECT_CONVERSION = YES_AGGRESSIVE;
				CLANG_CXX_LANGUAGE_STANDARD = "gnu++14";
				CLANG_CXX_LIBRARY = "libc++";
				CLANG_ENABLE_MODULES = YES;
				CLANG_ENABLE_OBJC_ARC = YES;
				CLANG_WARN_BLOCK_CAPTURE_AUTORELEASING = YES;
				CLANG_WARN_BOOL_CONVERSION = YES;
				CLANG_WARN_COMMA = YES;
				CLANG_WARN_CONSTANT_CONVERSION = YES;
				CLANG_WARN_DIRECT_OBJC_ISA_USAGE = YES_ERROR;
				CLANG_WARN_DOCUMENTATION_COMMENTS = YES;
				CLANG_WARN_EMPTY_BODY = YES;
				CLANG_WARN_ENUM_CONVERSION = YES;
				CLANG_WARN_INFINITE_RECURSION = YES;
				CLANG_WARN_INT_CONVERSION = YES;
				CLANG_WARN_NON_LITERAL_NULL_CONVERSION = YES;
				CLANG_WARN_OBJC_LITERAL_CONVERSION = YES;
				CLANG_WARN_OBJC_ROOT_CLASS = YES_ERROR;
				CLANG_WARN_RANGE_LOOP_ANALYSIS = YES;
				CLANG_WARN_STRICT_PROTOTYPES = YES;
				CLANG_WARN_SUSPICIOUS_MOVE = YES;
				CLANG_WARN_UNGUARDED_AVAILABILITY = YES_AGGRESSIVE;
				CLANG_WARN_UNREACHABLE_CODE = YES;
				CLANG_WARN__DUPLICATE_METHOD_MATCH = YES;
				CODE_SIGN_IDENTITY = "iPhone Developer";
				COPY_PHASE_STRIP = NO;
				DEBUG_INFORMATION_FORMAT = dwarf;
				ENABLE_STRICT_OBJC_MSGSEND = YES;
				ENABLE_TESTABILITY = YES;
				GCC_C_LANGUAGE_STANDARD = gnu11;
				GCC_DYNAMIC_NO_PIC = NO;
				GCC_NO_COMMON_BLOCKS = YES;
				GCC_OPTIMIZATION_LEVEL = 0;
				GCC_PREPROCESSOR_DEFINITIONS = (
					"DEBUG=1",
					"$(inherited)",
				);
				GCC_WARN_64_TO_32_BIT_CONVERSION = YES;
				GCC_WARN_ABOUT_RETURN_TYPE = YES_ERROR;
				GCC_WARN_UNDECLARED_SELECTOR = YES;
				GCC_WARN_UNINITIALIZED_AUTOS = YES_AGGRESSIVE;
				GCC_WARN_UNUSED_FUNCTION = YES;
				GCC_WARN_UNUSED_VARIABLE = YES;
				IPHONEOS_DEPLOYMENT_TARGET = 11.2;
				MTL_ENABLE_DEBUG_INFO = YES;
				ONLY_ACTIVE_ARCH = YES;
				SDKROOT = iphoneos;
				SWIFT_ACTIVE_COMPILATION_CONDITIONS = DEBUG;
				SWIFT_OPTIMIZATION_LEVEL = "-Onone";
			};
			name = Debug;
		};
		E8A169F020101450005E997C /* Release */ = {
			isa = XCBuildConfiguration;
			buildSettings = {
				ALWAYS_SEARCH_USER_PATHS = NO;
				CLANG_ANALYZER_NONNULL = YES;
				CLANG_ANALYZER_NUMBER_OBJECT_CONVERSION = YES_AGGRESSIVE;
				CLANG_CXX_LANGUAGE_STANDARD = "gnu++14";
				CLANG_CXX_LIBRARY = "libc++";
				CLANG_ENABLE_MODULES = YES;
				CLANG_ENABLE_OBJC_ARC = YES;
				CLANG_WARN_BLOCK_CAPTURE_AUTORELEASING = YES;
				CLANG_WARN_BOOL_CONVERSION = YES;
				CLANG_WARN_COMMA = YES;
				CLANG_WARN_CONSTANT_CONVERSION = YES;
				CLANG_WARN_DIRECT_OBJC_ISA_USAGE = YES_ERROR;
				CLANG_WARN_DOCUMENTATION_COMMENTS = YES;
				CLANG_WARN_EMPTY_BODY = YES;
				CLANG_WARN_ENUM_CONVERSION = YES;
				CLANG_WARN_INFINITE_RECURSION = YES;
				CLANG_WARN_INT_CONVERSION = YES;
				CLANG_WARN_NON_LITERAL_NULL_CONVERSION = YES;
				CLANG_WARN_OBJC_LITERAL_CONVERSION = YES;
				CLANG_WARN_OBJC_ROOT_CLASS = YES_ERROR;
				CLANG_WARN_RANGE_LOOP_ANALYSIS = YES;
				CLANG_WARN_STRICT_PROTOTYPES = YES;
				CLANG_WARN_SUSPICIOUS_MOVE = YES;
				CLANG_WARN_UNGUARDED_AVAILABILITY = YES_AGGRESSIVE;
				CLANG_WARN_UNREACHABLE_CODE = YES;
				CLANG_WARN__DUPLICATE_METHOD_MATCH = YES;
				CODE_SIGN_IDENTITY = "iPhone Developer";
				COPY_PHASE_STRIP = NO;
				DEBUG_INFORMATION_FORMAT = "dwarf-with-dsym";
				ENABLE_NS_ASSERTIONS = NO;
				ENABLE_STRICT_OBJC_MSGSEND = YES;
				GCC_C_LANGUAGE_STANDARD = gnu11;
				GCC_NO_COMMON_BLOCKS = YES;
				GCC_WARN_64_TO_32_BIT_CONVERSION = YES;
				GCC_WARN_ABOUT_RETURN_TYPE = YES_ERROR;
				GCC_WARN_UNDECLARED_SELECTOR = YES;
				GCC_WARN_UNINITIALIZED_AUTOS = YES_AGGRESSIVE;
				GCC_WARN_UNUSED_FUNCTION = YES;
				GCC_WARN_UNUSED_VARIABLE = YES;
				IPHONEOS_DEPLOYMENT_TARGET = 11.2;
				MTL_ENABLE_DEBUG_INFO = NO;
				SDKROOT = iphoneos;
				SWIFT_OPTIMIZATION_LEVEL = "-Owholemodule";
				VALIDATE_PRODUCT = YES;
			};
			name = Release;
		};
		E8A169F220101450005E997C /* Debug */ = {
			isa = XCBuildConfiguration;
			baseConfigurationReference = CA9BE1518AF9762096582948 /* Pods-MealsMadeEasy.debug.xcconfig */;
			buildSettings = {
				ASSETCATALOG_COMPILER_APPICON_NAME = AppIcon;
				CODE_SIGN_ENTITLEMENTS = MealsMadeEasy/MealsMadeEasy.entitlements;
				CODE_SIGN_STYLE = Automatic;
				DEVELOPMENT_TEAM = FT22888S27;
				INFOPLIST_FILE = MealsMadeEasy/Info.plist;
				LD_RUNPATH_SEARCH_PATHS = "$(inherited) @executable_path/Frameworks";
				PRODUCT_BUNDLE_IDENTIFIER = "Team-Null.MealsMadeEasy";
				PRODUCT_NAME = "Meals Made Easy";
				SWIFT_VERSION = 4.0;
				TARGETED_DEVICE_FAMILY = "1,2";
			};
			name = Debug;
		};
		E8A169F320101450005E997C /* Release */ = {
			isa = XCBuildConfiguration;
			baseConfigurationReference = 94418475FBB8D39703E928E1 /* Pods-MealsMadeEasy.release.xcconfig */;
			buildSettings = {
				ASSETCATALOG_COMPILER_APPICON_NAME = AppIcon;
				CODE_SIGN_ENTITLEMENTS = MealsMadeEasy/MealsMadeEasy.entitlements;
				CODE_SIGN_STYLE = Automatic;
				DEVELOPMENT_TEAM = FT22888S27;
				INFOPLIST_FILE = MealsMadeEasy/Info.plist;
				LD_RUNPATH_SEARCH_PATHS = "$(inherited) @executable_path/Frameworks";
				PRODUCT_BUNDLE_IDENTIFIER = "Team-Null.MealsMadeEasy";
				PRODUCT_NAME = "Meals Made Easy";
				SWIFT_VERSION = 4.0;
				TARGETED_DEVICE_FAMILY = "1,2";
			};
			name = Release;
		};
		E8A169F520101450005E997C /* Debug */ = {
			isa = XCBuildConfiguration;
			baseConfigurationReference = 683F254932B2638BA5513F49 /* Pods-MealsMadeEasyTests.debug.xcconfig */;
			buildSettings = {
				ALWAYS_EMBED_SWIFT_STANDARD_LIBRARIES = YES;
				BUNDLE_LOADER = "$(TEST_HOST)";
				CODE_SIGN_STYLE = Automatic;
				DEVELOPMENT_TEAM = FT22888S27;
				INFOPLIST_FILE = MealsMadeEasyTests/Info.plist;
				LD_RUNPATH_SEARCH_PATHS = "$(inherited) @executable_path/Frameworks @loader_path/Frameworks";
				PRODUCT_BUNDLE_IDENTIFIER = "Team-Null.MealsMadeEasyTests";
				PRODUCT_NAME = "$(TARGET_NAME)";
				SWIFT_VERSION = 4.0;
				TARGETED_DEVICE_FAMILY = "1,2";
				TEST_HOST = "$(BUILT_PRODUCTS_DIR)/MealsMadeEasy.app/MealsMadeEasy";
			};
			name = Debug;
		};
		E8A169F620101450005E997C /* Release */ = {
			isa = XCBuildConfiguration;
			baseConfigurationReference = 67F07B1B7C043F46EB4A716D /* Pods-MealsMadeEasyTests.release.xcconfig */;
			buildSettings = {
				ALWAYS_EMBED_SWIFT_STANDARD_LIBRARIES = YES;
				BUNDLE_LOADER = "$(TEST_HOST)";
				CODE_SIGN_STYLE = Automatic;
				DEVELOPMENT_TEAM = FT22888S27;
				INFOPLIST_FILE = MealsMadeEasyTests/Info.plist;
				LD_RUNPATH_SEARCH_PATHS = "$(inherited) @executable_path/Frameworks @loader_path/Frameworks";
				PRODUCT_BUNDLE_IDENTIFIER = "Team-Null.MealsMadeEasyTests";
				PRODUCT_NAME = "$(TARGET_NAME)";
				SWIFT_VERSION = 4.0;
				TARGETED_DEVICE_FAMILY = "1,2";
				TEST_HOST = "$(BUILT_PRODUCTS_DIR)/MealsMadeEasy.app/MealsMadeEasy";
			};
			name = Release;
		};
		E8A169F820101450005E997C /* Debug */ = {
			isa = XCBuildConfiguration;
			baseConfigurationReference = BED3F1B4FA4502726B4E04D8 /* Pods-MealsMadeEasyUITests.debug.xcconfig */;
			buildSettings = {
				ALWAYS_EMBED_SWIFT_STANDARD_LIBRARIES = YES;
				CODE_SIGN_STYLE = Automatic;
				DEVELOPMENT_TEAM = FT22888S27;
				INFOPLIST_FILE = MealsMadeEasyUITests/Info.plist;
				LD_RUNPATH_SEARCH_PATHS = "$(inherited) @executable_path/Frameworks @loader_path/Frameworks";
				PRODUCT_BUNDLE_IDENTIFIER = "Team-Null.MealsMadeEasyUITests";
				PRODUCT_NAME = "$(TARGET_NAME)";
				SWIFT_VERSION = 4.0;
				TARGETED_DEVICE_FAMILY = "1,2";
				TEST_TARGET_NAME = MealsMadeEasy;
			};
			name = Debug;
		};
		E8A169F920101450005E997C /* Release */ = {
			isa = XCBuildConfiguration;
			baseConfigurationReference = F0CAEE9BA2502B1DF3EB23DC /* Pods-MealsMadeEasyUITests.release.xcconfig */;
			buildSettings = {
				ALWAYS_EMBED_SWIFT_STANDARD_LIBRARIES = YES;
				CODE_SIGN_STYLE = Automatic;
				DEVELOPMENT_TEAM = FT22888S27;
				INFOPLIST_FILE = MealsMadeEasyUITests/Info.plist;
				LD_RUNPATH_SEARCH_PATHS = "$(inherited) @executable_path/Frameworks @loader_path/Frameworks";
				PRODUCT_BUNDLE_IDENTIFIER = "Team-Null.MealsMadeEasyUITests";
				PRODUCT_NAME = "$(TARGET_NAME)";
				SWIFT_VERSION = 4.0;
				TARGETED_DEVICE_FAMILY = "1,2";
				TEST_TARGET_NAME = MealsMadeEasy;
			};
			name = Release;
		};
/* End XCBuildConfiguration section */

/* Begin XCConfigurationList section */
		E8A169C42010144F005E997C /* Build configuration list for PBXProject "MealsMadeEasy" */ = {
			isa = XCConfigurationList;
			buildConfigurations = (
				E8A169EF20101450005E997C /* Debug */,
				E8A169F020101450005E997C /* Release */,
			);
			defaultConfigurationIsVisible = 0;
			defaultConfigurationName = Release;
		};
		E8A169F120101450005E997C /* Build configuration list for PBXNativeTarget "MealsMadeEasy" */ = {
			isa = XCConfigurationList;
			buildConfigurations = (
				E8A169F220101450005E997C /* Debug */,
				E8A169F320101450005E997C /* Release */,
			);
			defaultConfigurationIsVisible = 0;
			defaultConfigurationName = Release;
		};
		E8A169F420101450005E997C /* Build configuration list for PBXNativeTarget "MealsMadeEasyTests" */ = {
			isa = XCConfigurationList;
			buildConfigurations = (
				E8A169F520101450005E997C /* Debug */,
				E8A169F620101450005E997C /* Release */,
			);
			defaultConfigurationIsVisible = 0;
			defaultConfigurationName = Release;
		};
		E8A169F720101450005E997C /* Build configuration list for PBXNativeTarget "MealsMadeEasyUITests" */ = {
			isa = XCConfigurationList;
			buildConfigurations = (
				E8A169F820101450005E997C /* Debug */,
				E8A169F920101450005E997C /* Release */,
			);
			defaultConfigurationIsVisible = 0;
			defaultConfigurationName = Release;
		};
/* End XCConfigurationList section */
	};
	rootObject = E8A169C12010144F005E997C /* Project object */;
}
